<?xml version="1.0" encoding="utf-8"?>
<Project ToolsVersion="4.0" xmlns="http://schemas.microsoft.com/developer/msbuild/2003">
  <ItemGroup>
    <Filter Include="Source Files">
      <UniqueIdentifier>{4FC737F1-C7A5-4376-A066-2A32D752A2FF}</UniqueIdentifier>
      <Extensions>cpp;c;cc;cxx;def;odl;idl;hpj;bat;asm;asmx</Extensions>
    </Filter>
    <Filter Include="Header Files">
      <UniqueIdentifier>{93995380-89BD-4b04-88EB-625FBE52EBFB}</UniqueIdentifier>
      <Extensions>h;hh;hpp;hxx;hm;inl;inc;xsd</Extensions>
    </Filter>
    <Filter Include="Resource Files">
      <UniqueIdentifier>{D9D6E242-F8AF-46E4-B9FD-80ECBC20BA3E}</UniqueIdentifier>
      <Extensions>qrc;*</Extensions>
      <ParseFiles>false</ParseFiles>
    </Filter>
    <Filter Include="Form Files">
      <UniqueIdentifier>{99349809-55BA-4b9d-BF79-8FDBB0286EB3}</UniqueIdentifier>
      <Extensions>ui</Extensions>
    </Filter>
    <Filter Include="Resource Files">
      <UniqueIdentifier>{D9D6E242-F8AF-46E4-B9FD-80ECBC20BA3E}</UniqueIdentifier>
      <Extensions>qrc;*</Extensions>
      <ParseFiles>false</ParseFiles>
    </Filter>
  </ItemGroup>
  <ItemGroup>
    <ClCompile Include="main.cpp">
      <Filter>Source Files</Filter>
    </ClCompile>
    <ClCompile Include="mtg_draft.cpp">
      <Filter>Source Files</Filter>
    </ClCompile>
    <ClCompile Include="player_abstract.cpp">
      <Filter>Source Files</Filter>
    </ClCompile>
    <ClCompile Include="spike.cpp">
      <Filter>Source Files</Filter>
    </ClCompile>
    <ClCompile Include="card.cpp">
      <Filter>Source Files</Filter>
    </ClCompile>
    <ClCompile Include="player.cpp">
      <Filter>Source Files</Filter>
    </ClCompile>
  </ItemGroup>
  <ItemGroup>
    <QtMoc Include="mtg_draft.h">
      <Filter>Header Files</Filter>
    </QtMoc>
  </ItemGroup>
  <ItemGroup>
    <QtUic Include="mtg_draft.ui">
      <Filter>Form Files</Filter>
    </QtUic>
  </ItemGroup>
  <ItemGroup>
    <QtRcc Include="mtg_draft.qrc">
      <Filter>Resource Files</Filter>
    </QtRcc>
  </ItemGroup>
  <ItemGroup>
    <Image Include="Resources\assets\mana_crypt.jpg">
      <Filter>Resource Files</Filter>
    </Image>
    <Image Include="Resources\aminatou.jpg">
      <Filter>Resource Files</Filter>
    </Image>
    <Image Include="Resources\kenrith.jpg">
      <Filter>Resource Files</Filter>
    </Image>
    <Image Include="Resources\kess.jpg">
      <Filter>Resource Files</Filter>
    </Image>
    <Image Include="Resources\krrik.jpg">
      <Filter>Resource Files</Filter>
    </Image>
    <Image Include="Resources\mizzix.jpg">
      <Filter>Resource Files</Filter>
    </Image>
    <Image Include="Resources\muldrotha.jpg">
      <Filter>Resource Files</Filter>
    </Image>
    <Image Include="Resources\senseis_divining.jpg">
      <Filter>Resource Files</Filter>
    </Image>
    <Image Include="Resources\sliver_legion.jpg">
      <Filter>Resource Files</Filter>
    </Image>
  </ItemGroup>
  <ItemGroup>
    <ClInclude Include="player_abstract.h">
      <Filter>Header Files</Filter>
    </ClInclude>
    <ClInclude Include="spike.h">
      <Filter>Header Files</Filter>
    </ClInclude>
    <ClInclude Include="card.h">
      <Filter>Header Files</Filter>
    </ClInclude>
    <ClInclude Include="player.h">
      <Filter>Header Files</Filter>
    </ClInclude>
  </ItemGroup>
  <ItemGroup>
    <None Include=".gitignore" />
    <None Include="README.md" />
  </ItemGroup>
</Project>